
Microsoft Visual Studio Solution File, Format Version 12.00
# Visual Studio Version 17
VisualStudioVersion = 17.14.36212.18 d17.14
MinimumVisualStudioVersion = 10.0.40219.1
<<<<<<< HEAD
Project("{FAE04EC0-301F-11D3-BF4B-00C04F79EFBC}") = "Collection", "Collection\Collection.csproj", "{D33EB574-BC3B-4198-8E55-F4ACA072D39E}"
=======
Project("{FAE04EC0-301F-11D3-BF4B-00C04F79EFBC}") = "Collection", "Collection\Collection.csproj", "{61FE639A-57EB-4CD3-AC60-B0FCEFD4F093}"
>>>>>>> main
EndProject
Global
	GlobalSection(SolutionConfigurationPlatforms) = preSolution
		Debug|Any CPU = Debug|Any CPU
		Release|Any CPU = Release|Any CPU
	EndGlobalSection
	GlobalSection(ProjectConfigurationPlatforms) = postSolution
<<<<<<< HEAD
		{D33EB574-BC3B-4198-8E55-F4ACA072D39E}.Debug|Any CPU.ActiveCfg = Debug|Any CPU
		{D33EB574-BC3B-4198-8E55-F4ACA072D39E}.Debug|Any CPU.Build.0 = Debug|Any CPU
		{D33EB574-BC3B-4198-8E55-F4ACA072D39E}.Release|Any CPU.ActiveCfg = Release|Any CPU
		{D33EB574-BC3B-4198-8E55-F4ACA072D39E}.Release|Any CPU.Build.0 = Release|Any CPU
=======
		{61FE639A-57EB-4CD3-AC60-B0FCEFD4F093}.Debug|Any CPU.ActiveCfg = Debug|Any CPU
		{61FE639A-57EB-4CD3-AC60-B0FCEFD4F093}.Debug|Any CPU.Build.0 = Debug|Any CPU
		{61FE639A-57EB-4CD3-AC60-B0FCEFD4F093}.Release|Any CPU.ActiveCfg = Release|Any CPU
		{61FE639A-57EB-4CD3-AC60-B0FCEFD4F093}.Release|Any CPU.Build.0 = Release|Any CPU
>>>>>>> main
	EndGlobalSection
	GlobalSection(SolutionProperties) = preSolution
		HideSolutionNode = FALSE
	EndGlobalSection
	GlobalSection(ExtensibilityGlobals) = postSolution
<<<<<<< HEAD
		SolutionGuid = {8AA02AF7-3970-41EC-9DF1-9B82A81699A0}
=======
		SolutionGuid = {85BFA23D-4BA9-4DC3-85AB-1CCA247EC9D3}
>>>>>>> main
	EndGlobalSection
EndGlobal
