
Microsoft Visual Studio Solution File, Format Version 12.00
# Visual Studio Version 17
VisualStudioVersion = 17.14.36212.18
MinimumVisualStudioVersion = 10.0.40219.1
Project("{FAE04EC0-301F-11D3-BF4B-00C04F79EFBC}") = "Collection", "Collection\Collection.csproj", "{D33EB574-BC3B-4198-8E55-F4ACA072D39E}"
EndProject
Global
	GlobalSection(SolutionConfigurationPlatforms) = preSolution
		Debug|Any CPU = Debug|Any CPU
		Release|Any CPU = Release|Any CPU
	EndGlobalSection
	GlobalSection(ProjectConfigurationPlatforms) = postSolution
		{D33EB574-BC3B-4198-8E55-F4ACA072D39E}.Debug|Any CPU.ActiveCfg = Debug|Any CPU
		{D33EB574-BC3B-4198-8E55-F4ACA072D39E}.Debug|Any CPU.Build.0 = Debug|Any CPU
		{D33EB574-BC3B-4198-8E55-F4ACA072D39E}.Release|Any CPU.ActiveCfg = Release|Any CPU
		{D33EB574-BC3B-4198-8E55-F4ACA072D39E}.Release|Any CPU.Build.0 = Release|Any CPU
	EndGlobalSection
	GlobalSection(SolutionProperties) = preSolution
		HideSolutionNode = FALSE
	EndGlobalSection
	GlobalSection(ExtensibilityGlobals) = postSolution
		SolutionGuid = {85BFA23D-4BA9-4DC3-85AB-1CCA247EC9D3}
	EndGlobalSection
EndGlobal
